// !$*UTF8*$!
{
	archiveVersion = 1;
	classes = {
	};
	objectVersion = 46;
	objects = {

/* Begin PBXBuildFile section */
		A473BCBC1EB05BDF004069EA /* AppDelegate.swift in Sources */ = {isa = PBXBuildFile; fileRef = A473BCBB1EB05BDF004069EA /* AppDelegate.swift */; };
		A473BCBE1EB05BDF004069EA /* ViewController.swift in Sources */ = {isa = PBXBuildFile; fileRef = A473BCBD1EB05BDF004069EA /* ViewController.swift */; };
		A473BCC11EB05BDF004069EA /* Main.storyboard in Resources */ = {isa = PBXBuildFile; fileRef = A473BCBF1EB05BDF004069EA /* Main.storyboard */; };
		A473BCC31EB05BDF004069EA /* Assets.xcassets in Resources */ = {isa = PBXBuildFile; fileRef = A473BCC21EB05BDF004069EA /* Assets.xcassets */; };
		A473BCC61EB05BDF004069EA /* LaunchScreen.storyboard in Resources */ = {isa = PBXBuildFile; fileRef = A473BCC41EB05BDF004069EA /* LaunchScreen.storyboard */; };
		A473BCCE1EB06172004069EA /* BlueViewController.swift in Sources */ = {isa = PBXBuildFile; fileRef = A473BCCD1EB06172004069EA /* BlueViewController.swift */; };
		A473BCD01EB068E0004069EA /* BBlueViewController.swift in Sources */ = {isa = PBXBuildFile; fileRef = A473BCCF1EB068E0004069EA /* BBlueViewController.swift */; };
		A473BCD21EB07879004069EA /* GreenViewController.swift in Sources */ = {isa = PBXBuildFile; fileRef = A473BCD11EB07879004069EA /* GreenViewController.swift */; };
		A473BCD41EB0788B004069EA /* RedViewController.swift in Sources */ = {isa = PBXBuildFile; fileRef = A473BCD31EB0788B004069EA /* RedViewController.swift */; };
		A473BCD61EB0789A004069EA /* YellowViewController.swift in Sources */ = {isa = PBXBuildFile; fileRef = A473BCD51EB0789A004069EA /* YellowViewController.swift */; };
/* End PBXBuildFile section */

/* Begin PBXFileReference section */
		A473BCB81EB05BDF004069EA /* Test.app */ = {isa = PBXFileReference; explicitFileType = wrapper.application; includeInIndex = 0; path = Test.app; sourceTree = BUILT_PRODUCTS_DIR; };
		A473BCBB1EB05BDF004069EA /* AppDelegate.swift */ = {isa = PBXFileReference; lastKnownFileType = sourcecode.swift; path = AppDelegate.swift; sourceTree = "<group>"; };
		A473BCBD1EB05BDF004069EA /* ViewController.swift */ = {isa = PBXFileReference; lastKnownFileType = sourcecode.swift; path = ViewController.swift; sourceTree = "<group>"; };
		A473BCC01EB05BDF004069EA /* Base */ = {isa = PBXFileReference; lastKnownFileType = file.storyboard; name = Base; path = Base.lproj/Main.storyboard; sourceTree = "<group>"; };
		A473BCC21EB05BDF004069EA /* Assets.xcassets */ = {isa = PBXFileReference; lastKnownFileType = folder.assetcatalog; path = Assets.xcassets; sourceTree = "<group>"; };
		A473BCC51EB05BDF004069EA /* Base */ = {isa = PBXFileReference; lastKnownFileType = file.storyboard; name = Base; path = Base.lproj/LaunchScreen.storyboard; sourceTree = "<group>"; };
		A473BCC71EB05BDF004069EA /* Info.plist */ = {isa = PBXFileReference; lastKnownFileType = text.plist.xml; path = Info.plist; sourceTree = "<group>"; };
		A473BCCD1EB06172004069EA /* BlueViewController.swift */ = {isa = PBXFileReference; fileEncoding = 4; lastKnownFileType = sourcecode.swift; path = BlueViewController.swift; sourceTree = "<group>"; };
		A473BCCF1EB068E0004069EA /* BBlueViewController.swift */ = {isa = PBXFileReference; fileEncoding = 4; lastKnownFileType = sourcecode.swift; path = BBlueViewController.swift; sourceTree = "<group>"; };
		A473BCD11EB07879004069EA /* GreenViewController.swift */ = {isa = PBXFileReference; fileEncoding = 4; lastKnownFileType = sourcecode.swift; path = GreenViewController.swift; sourceTree = "<group>"; };
		A473BCD31EB0788B004069EA /* RedViewController.swift */ = {isa = PBXFileReference; fileEncoding = 4; lastKnownFileType = sourcecode.swift; path = RedViewController.swift; sourceTree = "<group>"; };
		A473BCD51EB0789A004069EA /* YellowViewController.swift */ = {isa = PBXFileReference; fileEncoding = 4; lastKnownFileType = sourcecode.swift; path = YellowViewController.swift; sourceTree = "<group>"; };
/* End PBXFileReference section */

/* Begin PBXFrameworksBuildPhase section */
		A473BCB51EB05BDF004069EA /* Frameworks */ = {
			isa = PBXFrameworksBuildPhase;
			buildActionMask = 2147483647;
			files = (
			);
			runOnlyForDeploymentPostprocessing = 0;
		};
/* End PBXFrameworksBuildPhase section */

/* Begin PBXGroup section */
		A473BCAF1EB05BDF004069EA = {
			isa = PBXGroup;
			children = (
				A473BCBA1EB05BDF004069EA /* Test */,
				A473BCB91EB05BDF004069EA /* Products */,
			);
			sourceTree = "<group>";
		};
		A473BCB91EB05BDF004069EA /* Products */ = {
			isa = PBXGroup;
			children = (
				A473BCB81EB05BDF004069EA /* Test.app */,
			);
			name = Products;
			sourceTree = "<group>";
		};
		A473BCBA1EB05BDF004069EA /* Test */ = {
			isa = PBXGroup;
			children = (
				A473BCBB1EB05BDF004069EA /* AppDelegate.swift */,
				A473BCBD1EB05BDF004069EA /* ViewController.swift */,
				A473BCBF1EB05BDF004069EA /* Main.storyboard */,
				A473BCC21EB05BDF004069EA /* Assets.xcassets */,
				A473BCC41EB05BDF004069EA /* LaunchScreen.storyboard */,
				A473BCC71EB05BDF004069EA /* Info.plist */,
				A473BCCD1EB06172004069EA /* BlueViewController.swift */,
				A473BCCF1EB068E0004069EA /* BBlueViewController.swift */,
				A473BCD11EB07879004069EA /* GreenViewController.swift */,
				A473BCD31EB0788B004069EA /* RedViewController.swift */,
				A473BCD51EB0789A004069EA /* YellowViewController.swift */,
			);
			path = Test;
			sourceTree = "<group>";
		};
/* End PBXGroup section */

/* Begin PBXNativeTarget section */
		A473BCB71EB05BDF004069EA /* Test */ = {
			isa = PBXNativeTarget;
			buildConfigurationList = A473BCCA1EB05BDF004069EA /* Build configuration list for PBXNativeTarget "Test" */;
			buildPhases = (
				A473BCB41EB05BDF004069EA /* Sources */,
				A473BCB51EB05BDF004069EA /* Frameworks */,
				A473BCB61EB05BDF004069EA /* Resources */,
			);
			buildRules = (
			);
			dependencies = (
			);
			name = Test;
			productName = Test;
			productReference = A473BCB81EB05BDF004069EA /* Test.app */;
			productType = "com.apple.product-type.application";
		};
/* End PBXNativeTarget section */

/* Begin PBXProject section */
		A473BCB01EB05BDF004069EA /* Project object */ = {
			isa = PBXProject;
			attributes = {
				LastSwiftUpdateCheck = 0820;
				LastUpgradeCheck = 0820;
				ORGANIZATIONNAME = "SDS-015";
				TargetAttributes = {
					A473BCB71EB05BDF004069EA = {
						CreatedOnToolsVersion = 8.2.1;
						ProvisioningStyle = Automatic;
					};
				};
			};
			buildConfigurationList = A473BCB31EB05BDF004069EA /* Build configuration list for PBXProject "Test" */;
			compatibilityVersion = "Xcode 3.2";
			developmentRegion = English;
			hasScannedForEncodings = 0;
			knownRegions = (
				en,
				Base,
			);
			mainGroup = A473BCAF1EB05BDF004069EA;
			productRefGroup = A473BCB91EB05BDF004069EA /* Products */;
			projectDirPath = "";
			projectRoot = "";
			targets = (
				A473BCB71EB05BDF004069EA /* Test */,
			);
		};
/* End PBXProject section */

/* Begin PBXResourcesBuildPhase section */
		A473BCB61EB05BDF004069EA /* Resources */ = {
			isa = PBXResourcesBuildPhase;
			buildActionMask = 2147483647;
			files = (
				A473BCC61EB05BDF004069EA /* LaunchScreen.storyboard in Resources */,
				A473BCC31EB05BDF004069EA /* Assets.xcassets in Resources */,
				A473BCC11EB05BDF004069EA /* Main.storyboard in Resources */,
			);
			runOnlyForDeploymentPostprocessing = 0;
		};
/* End PBXResourcesBuildPhase section */

/* Begin PBXSourcesBuildPhase section */
		A473BCB41EB05BDF004069EA /* Sources */ = {
			isa = PBXSourcesBuildPhase;
			buildActionMask = 2147483647;
			files = (
				A473BCBE1EB05BDF004069EA /* ViewController.swift in Sources */,
				A473BCD01EB068E0004069EA /* BBlueViewController.swift in Sources */,
				A473BCCE1EB06172004069EA /* BlueViewController.swift in Sources */,
				A473BCD61EB0789A004069EA /* YellowViewController.swift in Sources */,
				A473BCBC1EB05BDF004069EA /* AppDelegate.swift in Sources */,
				A473BCD41EB0788B004069EA /* RedViewController.swift in Sources */,
				A473BCD21EB07879004069EA /* GreenViewController.swift in Sources */,
			);
			runOnlyForDeploymentPostprocessing = 0;
		};
/* End PBXSourcesBuildPhase section */

/* Begin PBXVariantGroup section */
		A473BCBF1EB05BDF004069EA /* Main.storyboard */ = {
			isa = PBXVariantGroup;
			children = (
				A473BCC01EB05BDF004069EA /* Base */,
			);
			name = Main.storyboard;
			sourceTree = "<group>";
		};
		A473BCC41EB05BDF004069EA /* LaunchScreen.storyboard */ = {
			isa = PBXVariantGroup;
			children = (
				A473BCC51EB05BDF004069EA /* Base */,
			);
			name = LaunchScreen.storyboard;
			sourceTree = "<group>";
		};
/* End PBXVariantGroup section */

/* Begin XCBuildConfiguration section */
		A473BCC81EB05BDF004069EA /* Debug */ = {
			isa = XCBuildConfiguration;
			buildSettings = {
				ALWAYS_SEARCH_USER_PATHS = NO;
				CLANG_ANALYZER_NONNULL = YES;
				CLANG_CXX_LANGUAGE_STANDARD = "gnu++0x";
				CLANG_CXX_LIBRARY = "libc++";
				CLANG_ENABLE_MODULES = YES;
				CLANG_ENABLE_OBJC_ARC = YES;
				CLANG_WARN_BOOL_CONVERSION = YES;
				CLANG_WARN_CONSTANT_CONVERSION = YES;
				CLANG_WARN_DIRECT_OBJC_ISA_USAGE = YES_ERROR;
				CLANG_WARN_DOCUMENTATION_COMMENTS = YES;
				CLANG_WARN_EMPTY_BODY = YES;
				CLANG_WARN_ENUM_CONVERSION = YES;
				CLANG_WARN_INFINITE_RECURSION = YES;
				CLANG_WARN_INT_CONVERSION = YES;
				CLANG_WARN_OBJC_ROOT_CLASS = YES_ERROR;
				CLANG_WARN_SUSPICIOUS_MOVE = YES;
				CLANG_WARN_UNREACHABLE_CODE = YES;
				CLANG_WARN__DUPLICATE_METHOD_MATCH = YES;
				"CODE_SIGN_IDENTITY[sdk=iphoneos*]" = "iPhone Developer";
				COPY_PHASE_STRIP = NO;
				DEBUG_INFORMATION_FORMAT = dwarf;
				ENABLE_STRICT_OBJC_MSGSEND = YES;
				ENABLE_TESTABILITY = YES;
				GCC_C_LANGUAGE_STANDARD = gnu99;
				GCC_DYNAMIC_NO_PIC = NO;
				GCC_NO_COMMON_BLOCKS = YES;
				GCC_OPTIMIZATION_LEVEL = 0;
				GCC_PREPROCESSOR_DEFINITIONS = (
					"DEBUG=1",
					"$(inherited)",
				);
				GCC_WARN_64_TO_32_BIT_CONVERSION = YES;
				GCC_WARN_ABOUT_RETURN_TYPE = YES_ERROR;
				GCC_WARN_UNDECLARED_SELECTOR = YES;
				GCC_WARN_UNINITIALIZED_AUTOS = YES_AGGRESSIVE;
				GCC_WARN_UNUSED_FUNCTION = YES;
				GCC_WARN_UNUSED_VARIABLE = YES;
				IPHONEOS_DEPLOYMENT_TARGET = 10.2;
				MTL_ENABLE_DEBUG_INFO = YES;
				ONLY_ACTIVE_ARCH = YES;
				SDKROOT = iphoneos;
				SWIFT_ACTIVE_COMPILATION_CONDITIONS = DEBUG;
				SWIFT_OPTIMIZATION_LEVEL = "-Onone";
			};
			name = Debug;
		};
		A473BCC91EB05BDF004069EA /* Release */ = {
			isa = XCBuildConfiguration;
			buildSettings = {
				ALWAYS_SEARCH_USER_PATHS = NO;
				CLANG_ANALYZER_NONNULL = YES;
				CLANG_CXX_LANGUAGE_STANDARD = "gnu++0x";
				CLANG_CXX_LIBRARY = "libc++";
				CLANG_ENABLE_MODULES = YES;
				CLANG_ENABLE_OBJC_ARC = YES;
				CLANG_WARN_BOOL_CONVERSION = YES;
				CLANG_WARN_CONSTANT_CONVERSION = YES;
				CLANG_WARN_DIRECT_OBJC_ISA_USAGE = YES_ERROR;
				CLANG_WARN_DOCUMENTATION_COMMENTS = YES;
				CLANG_WARN_EMPTY_BODY = YES;
				CLANG_WARN_ENUM_CONVERSION = YES;
				CLANG_WARN_INFINITE_RECURSION = YES;
				CLANG_WARN_INT_CONVERSION = YES;
				CLANG_WARN_OBJC_ROOT_CLASS = YES_ERROR;
				CLANG_WARN_SUSPICIOUS_MOVE = YES;
				CLANG_WARN_UNREACHABLE_CODE = YES;
				CLANG_WARN__DUPLICATE_METHOD_MATCH = YES;
				"CODE_SIGN_IDENTITY[sdk=iphoneos*]" = "iPhone Developer";
				COPY_PHASE_STRIP = NO;
				DEBUG_INFORMATION_FORMAT = "dwarf-with-dsym";
				ENABLE_NS_ASSERTIONS = NO;
				ENABLE_STRICT_OBJC_MSGSEND = YES;
				GCC_C_LANGUAGE_STANDARD = gnu99;
				GCC_NO_COMMON_BLOCKS = YES;
				GCC_WARN_64_TO_32_BIT_CONVERSION = YES;
				GCC_WARN_ABOUT_RETURN_TYPE = YES_ERROR;
				GCC_WARN_UNDECLARED_SELECTOR = YES;
				GCC_WARN_UNINITIALIZED_AUTOS = YES_AGGRESSIVE;
				GCC_WARN_UNUSED_FUNCTION = YES;
				GCC_WARN_UNUSED_VARIABLE = YES;
				IPHONEOS_DEPLOYMENT_TARGET = 10.2;
				MTL_ENABLE_DEBUG_INFO = NO;
				SDKROOT = iphoneos;
				SWIFT_OPTIMIZATION_LEVEL = "-Owholemodule";
				VALIDATE_PRODUCT = YES;
			};
			name = Release;
		};
		A473BCCB1EB05BDF004069EA /* Debug */ = {
			isa = XCBuildConfiguration;
			buildSettings = {
				ASSETCATALOG_COMPILER_APPICON_NAME = AppIcon;
				INFOPLIST_FILE = Test/Info.plist;
				LD_RUNPATH_SEARCH_PATHS = "$(inherited) @executable_path/Frameworks";
				PRODUCT_BUNDLE_IDENTIFIER = com.skms.sds.Test;
				PRODUCT_NAME = "$(TARGET_NAME)";
				SWIFT_VERSION = 3.0;
			};
			name = Debug;
		};
		A473BCCC1EB05BDF004069EA /* Release */ = {
			isa = XCBuildConfiguration;
			buildSettings = {
				ASSETCATALOG_COMPILER_APPICON_NAME = AppIcon;
				INFOPLIST_FILE = Test/Info.plist;
				LD_RUNPATH_SEARCH_PATHS = "$(inherited) @executable_path/Frameworks";
				PRODUCT_BUNDLE_IDENTIFIER = com.skms.sds.Test;
				PRODUCT_NAME = "$(TARGET_NAME)";
				SWIFT_VERSION = 3.0;
			};
			name = Release;
		};
/* End XCBuildConfiguration section */

/* Begin XCConfigurationList section */
		A473BCB31EB05BDF004069EA /* Build configuration list for PBXProject "Test" */ = {
			isa = XCConfigurationList;
			buildConfigurations = (
				A473BCC81EB05BDF004069EA /* Debug */,
				A473BCC91EB05BDF004069EA /* Release */,
			);
			defaultConfigurationIsVisible = 0;
			defaultConfigurationName = Release;
		};
		A473BCCA1EB05BDF004069EA /* Build configuration list for PBXNativeTarget "Test" */ = {
			isa = XCConfigurationList;
			buildConfigurations = (
				A473BCCB1EB05BDF004069EA /* Debug */,
				A473BCCC1EB05BDF004069EA /* Release */,
			);
			defaultConfigurationIsVisible = 0;
		};
/* End XCConfigurationList section */
	};
	rootObject = A473BCB01EB05BDF004069EA /* Project object */;
}
